%{"httpotion": {:git, "https://github.com/myfreeweb/httpotion.git", "e482c4fa0016049c7738dec7261b7b3b6659b3cc", []},
  "ibrowse": {:git, "git://github.com/cmullaparthi/ibrowse.git", "7871e2ebe8811efb64e1917e2de455fa87e8dfe3", [tag: "v4.1.0"]},
  "json": {:git, "git://github.com/cblage/elixir-json.git", "a50642c957a017fdcff4b06337b211f85bc8f653", [tag: "v0.2.9"]}}
